// !$*UTF8*$!
{
	archiveVersion = 1;
	classes = {
	};
	objectVersion = 50;
	objects = {

/* Begin PBXBuildFile section */
		A632E22026873B8100CAFF2E /* MainViewController.swift in Sources */ = {isa = PBXBuildFile; fileRef = A632E21F26873B8100CAFF2E /* MainViewController.swift */; };
		A632E22226873C2900CAFF2E /* Login.storyboard in Resources */ = {isa = PBXBuildFile; fileRef = A632E22126873C2900CAFF2E /* Login.storyboard */; };
		A632E22526873F9500CAFF2E /* MainCollectionViewCell.swift in Sources */ = {isa = PBXBuildFile; fileRef = A632E22326873F9500CAFF2E /* MainCollectionViewCell.swift */; };
		A632E22626873F9500CAFF2E /* MainCollectionViewCell.xib in Resources */ = {isa = PBXBuildFile; fileRef = A632E22426873F9500CAFF2E /* MainCollectionViewCell.xib */; };
		A632E22B2687685000CAFF2E /* MainTableViewCell.swift in Sources */ = {isa = PBXBuildFile; fileRef = A632E2292687685000CAFF2E /* MainTableViewCell.swift */; };
		A632E22C2687685000CAFF2E /* MainTableViewCell.xib in Resources */ = {isa = PBXBuildFile; fileRef = A632E22A2687685000CAFF2E /* MainTableViewCell.xib */; };
		A632E22E2687976000CAFF2E /* TableHeaderView.swift in Sources */ = {isa = PBXBuildFile; fileRef = A632E22D2687976000CAFF2E /* TableHeaderView.swift */; };
		A632E2312687978300CAFF2E /* TableHeaderView.xib in Resources */ = {isa = PBXBuildFile; fileRef = A632E2302687978300CAFF2E /* TableHeaderView.xib */; };
		A67B3ACD2684696400FF3AB6 /* AppDelegate.swift in Sources */ = {isa = PBXBuildFile; fileRef = A67B3ACC2684696400FF3AB6 /* AppDelegate.swift */; };
		A67B3ACF2684696400FF3AB6 /* SceneDelegate.swift in Sources */ = {isa = PBXBuildFile; fileRef = A67B3ACE2684696400FF3AB6 /* SceneDelegate.swift */; };
		A67B3AD12684696400FF3AB6 /* ViewController.swift in Sources */ = {isa = PBXBuildFile; fileRef = A67B3AD02684696400FF3AB6 /* ViewController.swift */; };
		A67B3AD42684696400FF3AB6 /* Main.storyboard in Resources */ = {isa = PBXBuildFile; fileRef = A67B3AD22684696400FF3AB6 /* Main.storyboard */; };
		A67B3AD62684696500FF3AB6 /* Assets.xcassets in Resources */ = {isa = PBXBuildFile; fileRef = A67B3AD52684696500FF3AB6 /* Assets.xcassets */; };
		A67B3AD92684696500FF3AB6 /* LaunchScreen.storyboard in Resources */ = {isa = PBXBuildFile; fileRef = A67B3AD72684696500FF3AB6 /* LaunchScreen.storyboard */; };
/* End PBXBuildFile section */

/* Begin PBXFileReference section */
		A632E21F26873B8100CAFF2E /* MainViewController.swift */ = {isa = PBXFileReference; lastKnownFileType = sourcecode.swift; path = MainViewController.swift; sourceTree = "<group>"; };
		A632E22126873C2900CAFF2E /* Login.storyboard */ = {isa = PBXFileReference; lastKnownFileType = file.storyboard; path = Login.storyboard; sourceTree = "<group>"; };
		A632E22326873F9500CAFF2E /* MainCollectionViewCell.swift */ = {isa = PBXFileReference; lastKnownFileType = sourcecode.swift; path = MainCollectionViewCell.swift; sourceTree = "<group>"; };
		A632E22426873F9500CAFF2E /* MainCollectionViewCell.xib */ = {isa = PBXFileReference; lastKnownFileType = file.xib; path = MainCollectionViewCell.xib; sourceTree = "<group>"; };
		A632E2292687685000CAFF2E /* MainTableViewCell.swift */ = {isa = PBXFileReference; lastKnownFileType = sourcecode.swift; path = MainTableViewCell.swift; sourceTree = "<group>"; };
		A632E22A2687685000CAFF2E /* MainTableViewCell.xib */ = {isa = PBXFileReference; lastKnownFileType = file.xib; path = MainTableViewCell.xib; sourceTree = "<group>"; };
		A632E22D2687976000CAFF2E /* TableHeaderView.swift */ = {isa = PBXFileReference; lastKnownFileType = sourcecode.swift; path = TableHeaderView.swift; sourceTree = "<group>"; };
		A632E2302687978300CAFF2E /* TableHeaderView.xib */ = {isa = PBXFileReference; lastKnownFileType = file.xib; path = TableHeaderView.xib; sourceTree = "<group>"; };
		A67B3AC92684696400FF3AB6 /* iPlanner.app */ = {isa = PBXFileReference; explicitFileType = wrapper.application; includeInIndex = 0; path = iPlanner.app; sourceTree = BUILT_PRODUCTS_DIR; };
		A67B3ACC2684696400FF3AB6 /* AppDelegate.swift */ = {isa = PBXFileReference; lastKnownFileType = sourcecode.swift; path = AppDelegate.swift; sourceTree = "<group>"; };
		A67B3ACE2684696400FF3AB6 /* SceneDelegate.swift */ = {isa = PBXFileReference; lastKnownFileType = sourcecode.swift; path = SceneDelegate.swift; sourceTree = "<group>"; };
		A67B3AD02684696400FF3AB6 /* ViewController.swift */ = {isa = PBXFileReference; lastKnownFileType = sourcecode.swift; path = ViewController.swift; sourceTree = "<group>"; };
		A67B3AD32684696400FF3AB6 /* Base */ = {isa = PBXFileReference; lastKnownFileType = file.storyboard; name = Base; path = Base.lproj/Main.storyboard; sourceTree = "<group>"; };
		A67B3AD52684696500FF3AB6 /* Assets.xcassets */ = {isa = PBXFileReference; lastKnownFileType = folder.assetcatalog; path = Assets.xcassets; sourceTree = "<group>"; };
		A67B3AD82684696500FF3AB6 /* Base */ = {isa = PBXFileReference; lastKnownFileType = file.storyboard; name = Base; path = Base.lproj/LaunchScreen.storyboard; sourceTree = "<group>"; };
		A67B3ADA2684696500FF3AB6 /* Info.plist */ = {isa = PBXFileReference; lastKnownFileType = text.plist.xml; path = Info.plist; sourceTree = "<group>"; };
/* End PBXFileReference section */

/* Begin PBXFrameworksBuildPhase section */
		A67B3AC62684696400FF3AB6 /* Frameworks */ = {
			isa = PBXFrameworksBuildPhase;
			buildActionMask = 2147483647;
			files = (
			);
			runOnlyForDeploymentPostprocessing = 0;
		};
/* End PBXFrameworksBuildPhase section */

/* Begin PBXGroup section */
		A67B3AC02684696400FF3AB6 = {
			isa = PBXGroup;
			children = (
				A67B3ACB2684696400FF3AB6 /* iPlanner */,
				A67B3ACA2684696400FF3AB6 /* Products */,
			);
			sourceTree = "<group>";
		};
		A67B3ACA2684696400FF3AB6 /* Products */ = {
			isa = PBXGroup;
			children = (
				A67B3AC92684696400FF3AB6 /* iPlanner.app */,
			);
			name = Products;
			sourceTree = "<group>";
		};
		A67B3ACB2684696400FF3AB6 /* iPlanner */ = {
			isa = PBXGroup;
			children = (
				A67B3ACC2684696400FF3AB6 /* AppDelegate.swift */,
				A67B3ACE2684696400FF3AB6 /* SceneDelegate.swift */,
				A67B3AD02684696400FF3AB6 /* ViewController.swift */,
				A67B3AD52684696500FF3AB6 /* Assets.xcassets */,
				A67B3AD72684696500FF3AB6 /* LaunchScreen.storyboard */,
				A632E22126873C2900CAFF2E /* Login.storyboard */,
				A67B3ADA2684696500FF3AB6 /* Info.plist */,
				A632E21F26873B8100CAFF2E /* MainViewController.swift */,
				A67B3AD22684696400FF3AB6 /* Main.storyboard */,
				A632E22326873F9500CAFF2E /* MainCollectionViewCell.swift */,
				A632E22426873F9500CAFF2E /* MainCollectionViewCell.xib */,
				A632E2292687685000CAFF2E /* MainTableViewCell.swift */,
				A632E22A2687685000CAFF2E /* MainTableViewCell.xib */,
				A632E22D2687976000CAFF2E /* TableHeaderView.swift */,
				A632E2302687978300CAFF2E /* TableHeaderView.xib */,
			);
			path = iPlanner;
			sourceTree = "<group>";
		};
/* End PBXGroup section */

/* Begin PBXNativeTarget section */
		A67B3AC82684696400FF3AB6 /* iPlanner */ = {
			isa = PBXNativeTarget;
			buildConfigurationList = A67B3ADD2684696500FF3AB6 /* Build configuration list for PBXNativeTarget "iPlanner" */;
			buildPhases = (
				A67B3AC52684696400FF3AB6 /* Sources */,
				A67B3AC62684696400FF3AB6 /* Frameworks */,
				A67B3AC72684696400FF3AB6 /* Resources */,
			);
			buildRules = (
			);
			dependencies = (
			);
			name = iPlanner;
			productName = iPlanner;
			productReference = A67B3AC92684696400FF3AB6 /* iPlanner.app */;
			productType = "com.apple.product-type.application";
		};
/* End PBXNativeTarget section */

/* Begin PBXProject section */
		A67B3AC12684696400FF3AB6 /* Project object */ = {
			isa = PBXProject;
			attributes = {
				LastSwiftUpdateCheck = 1250;
				LastUpgradeCheck = 1250;
				TargetAttributes = {
					A67B3AC82684696400FF3AB6 = {
						CreatedOnToolsVersion = 12.5;
					};
				};
			};
			buildConfigurationList = A67B3AC42684696400FF3AB6 /* Build configuration list for PBXProject "iPlanner" */;
			compatibilityVersion = "Xcode 9.3";
			developmentRegion = en;
			hasScannedForEncodings = 0;
			knownRegions = (
				en,
				Base,
			);
			mainGroup = A67B3AC02684696400FF3AB6;
			productRefGroup = A67B3ACA2684696400FF3AB6 /* Products */;
			projectDirPath = "";
			projectRoot = "";
			targets = (
				A67B3AC82684696400FF3AB6 /* iPlanner */,
			);
		};
/* End PBXProject section */

/* Begin PBXResourcesBuildPhase section */
		A67B3AC72684696400FF3AB6 /* Resources */ = {
			isa = PBXResourcesBuildPhase;
			buildActionMask = 2147483647;
			files = (
				A632E2312687978300CAFF2E /* TableHeaderView.xib in Resources */,
				A632E22C2687685000CAFF2E /* MainTableViewCell.xib in Resources */,
				A632E22226873C2900CAFF2E /* Login.storyboard in Resources */,
				A67B3AD92684696500FF3AB6 /* LaunchScreen.storyboard in Resources */,
				A67B3AD62684696500FF3AB6 /* Assets.xcassets in Resources */,
				A632E22626873F9500CAFF2E /* MainCollectionViewCell.xib in Resources */,
				A67B3AD42684696400FF3AB6 /* Main.storyboard in Resources */,
			);
			runOnlyForDeploymentPostprocessing = 0;
		};
/* End PBXResourcesBuildPhase section */

/* Begin PBXSourcesBuildPhase section */
		A67B3AC52684696400FF3AB6 /* Sources */ = {
			isa = PBXSourcesBuildPhase;
			buildActionMask = 2147483647;
			files = (
				A67B3AD12684696400FF3AB6 /* ViewController.swift in Sources */,
				A67B3ACD2684696400FF3AB6 /* AppDelegate.swift in Sources */,
				A632E22526873F9500CAFF2E /* MainCollectionViewCell.swift in Sources */,
				A67B3ACF2684696400FF3AB6 /* SceneDelegate.swift in Sources */,
				A632E22B2687685000CAFF2E /* MainTableViewCell.swift in Sources */,
				A632E22E2687976000CAFF2E /* TableHeaderView.swift in Sources */,
				A632E22026873B8100CAFF2E /* MainViewController.swift in Sources */,
			);
			runOnlyForDeploymentPostprocessing = 0;
		};
/* End PBXSourcesBuildPhase section */

/* Begin PBXVariantGroup section */
		A67B3AD22684696400FF3AB6 /* Main.storyboard */ = {
			isa = PBXVariantGroup;
			children = (
				A67B3AD32684696400FF3AB6 /* Base */,
			);
			name = Main.storyboard;
			sourceTree = "<group>";
		};
		A67B3AD72684696500FF3AB6 /* LaunchScreen.storyboard */ = {
			isa = PBXVariantGroup;
			children = (
				A67B3AD82684696500FF3AB6 /* Base */,
			);
			name = LaunchScreen.storyboard;
			sourceTree = "<group>";
		};
/* End PBXVariantGroup section */

/* Begin XCBuildConfiguration section */
		A67B3ADB2684696500FF3AB6 /* Debug */ = {
			isa = XCBuildConfiguration;
			buildSettings = {
				ALWAYS_SEARCH_USER_PATHS = NO;
				CLANG_ANALYZER_NONNULL = YES;
				CLANG_ANALYZER_NUMBER_OBJECT_CONVERSION = YES_AGGRESSIVE;
				CLANG_CXX_LANGUAGE_STANDARD = "gnu++14";
				CLANG_CXX_LIBRARY = "libc++";
				CLANG_ENABLE_MODULES = YES;
				CLANG_ENABLE_OBJC_ARC = YES;
				CLANG_ENABLE_OBJC_WEAK = YES;
				CLANG_WARN_BLOCK_CAPTURE_AUTORELEASING = YES;
				CLANG_WARN_BOOL_CONVERSION = YES;
				CLANG_WARN_COMMA = YES;
				CLANG_WARN_CONSTANT_CONVERSION = YES;
				CLANG_WARN_DEPRECATED_OBJC_IMPLEMENTATIONS = YES;
				CLANG_WARN_DIRECT_OBJC_ISA_USAGE = YES_ERROR;
				CLANG_WARN_DOCUMENTATION_COMMENTS = YES;
				CLANG_WARN_EMPTY_BODY = YES;
				CLANG_WARN_ENUM_CONVERSION = YES;
				CLANG_WARN_INFINITE_RECURSION = YES;
				CLANG_WARN_INT_CONVERSION = YES;
				CLANG_WARN_NON_LITERAL_NULL_CONVERSION = YES;
				CLANG_WARN_OBJC_IMPLICIT_RETAIN_SELF = YES;
				CLANG_WARN_OBJC_LITERAL_CONVERSION = YES;
				CLANG_WARN_OBJC_ROOT_CLASS = YES_ERROR;
				CLANG_WARN_QUOTED_INCLUDE_IN_FRAMEWORK_HEADER = YES;
				CLANG_WARN_RANGE_LOOP_ANALYSIS = YES;
				CLANG_WARN_STRICT_PROTOTYPES = YES;
				CLANG_WARN_SUSPICIOUS_MOVE = YES;
				CLANG_WARN_UNGUARDED_AVAILABILITY = YES_AGGRESSIVE;
				CLANG_WARN_UNREACHABLE_CODE = YES;
				CLANG_WARN__DUPLICATE_METHOD_MATCH = YES;
				COPY_PHASE_STRIP = NO;
				DEBUG_INFORMATION_FORMAT = dwarf;
				ENABLE_STRICT_OBJC_MSGSEND = YES;
				ENABLE_TESTABILITY = YES;
				GCC_C_LANGUAGE_STANDARD = gnu11;
				GCC_DYNAMIC_NO_PIC = NO;
				GCC_NO_COMMON_BLOCKS = YES;
				GCC_OPTIMIZATION_LEVEL = 0;
				GCC_PREPROCESSOR_DEFINITIONS = (
					"DEBUG=1",
					"$(inherited)",
				);
				GCC_WARN_64_TO_32_BIT_CONVERSION = YES;
				GCC_WARN_ABOUT_RETURN_TYPE = YES_ERROR;
				GCC_WARN_UNDECLARED_SELECTOR = YES;
				GCC_WARN_UNINITIALIZED_AUTOS = YES_AGGRESSIVE;
				GCC_WARN_UNUSED_FUNCTION = YES;
				GCC_WARN_UNUSED_VARIABLE = YES;
				IPHONEOS_DEPLOYMENT_TARGET = 14.5;
				MTL_ENABLE_DEBUG_INFO = INCLUDE_SOURCE;
				MTL_FAST_MATH = YES;
				ONLY_ACTIVE_ARCH = YES;
				SDKROOT = iphoneos;
				SWIFT_ACTIVE_COMPILATION_CONDITIONS = DEBUG;
				SWIFT_OPTIMIZATION_LEVEL = "-Onone";
			};
			name = Debug;
		};
		A67B3ADC2684696500FF3AB6 /* Release */ = {
			isa = XCBuildConfiguration;
			buildSettings = {
				ALWAYS_SEARCH_USER_PATHS = NO;
				CLANG_ANALYZER_NONNULL = YES;
				CLANG_ANALYZER_NUMBER_OBJECT_CONVERSION = YES_AGGRESSIVE;
				CLANG_CXX_LANGUAGE_STANDARD = "gnu++14";
				CLANG_CXX_LIBRARY = "libc++";
				CLANG_ENABLE_MODULES = YES;
				CLANG_ENABLE_OBJC_ARC = YES;
				CLANG_ENABLE_OBJC_WEAK = YES;
				CLANG_WARN_BLOCK_CAPTURE_AUTORELEASING = YES;
				CLANG_WARN_BOOL_CONVERSION = YES;
				CLANG_WARN_COMMA = YES;
				CLANG_WARN_CONSTANT_CONVERSION = YES;
				CLANG_WARN_DEPRECATED_OBJC_IMPLEMENTATIONS = YES;
				CLANG_WARN_DIRECT_OBJC_ISA_USAGE = YES_ERROR;
				CLANG_WARN_DOCUMENTATION_COMMENTS = YES;
				CLANG_WARN_EMPTY_BODY = YES;
				CLANG_WARN_ENUM_CONVERSION = YES;
				CLANG_WARN_INFINITE_RECURSION = YES;
				CLANG_WARN_INT_CONVERSION = YES;
				CLANG_WARN_NON_LITERAL_NULL_CONVERSION = YES;
				CLANG_WARN_OBJC_IMPLICIT_RETAIN_SELF = YES;
				CLANG_WARN_OBJC_LITERAL_CONVERSION = YES;
				CLANG_WARN_OBJC_ROOT_CLASS = YES_ERROR;
				CLANG_WARN_QUOTED_INCLUDE_IN_FRAMEWORK_HEADER = YES;
				CLANG_WARN_RANGE_LOOP_ANALYSIS = YES;
				CLANG_WARN_STRICT_PROTOTYPES = YES;
				CLANG_WARN_SUSPICIOUS_MOVE = YES;
				CLANG_WARN_UNGUARDED_AVAILABILITY = YES_AGGRESSIVE;
				CLANG_WARN_UNREACHABLE_CODE = YES;
				CLANG_WARN__DUPLICATE_METHOD_MATCH = YES;
				COPY_PHASE_STRIP = NO;
				DEBUG_INFORMATION_FORMAT = "dwarf-with-dsym";
				ENABLE_NS_ASSERTIONS = NO;
				ENABLE_STRICT_OBJC_MSGSEND = YES;
				GCC_C_LANGUAGE_STANDARD = gnu11;
				GCC_NO_COMMON_BLOCKS = YES;
				GCC_WARN_64_TO_32_BIT_CONVERSION = YES;
				GCC_WARN_ABOUT_RETURN_TYPE = YES_ERROR;
				GCC_WARN_UNDECLARED_SELECTOR = YES;
				GCC_WARN_UNINITIALIZED_AUTOS = YES_AGGRESSIVE;
				GCC_WARN_UNUSED_FUNCTION = YES;
				GCC_WARN_UNUSED_VARIABLE = YES;
				IPHONEOS_DEPLOYMENT_TARGET = 14.5;
				MTL_ENABLE_DEBUG_INFO = NO;
				MTL_FAST_MATH = YES;
				SDKROOT = iphoneos;
				SWIFT_COMPILATION_MODE = wholemodule;
				SWIFT_OPTIMIZATION_LEVEL = "-O";
				VALIDATE_PRODUCT = YES;
			};
			name = Release;
		};
		A67B3ADE2684696500FF3AB6 /* Debug */ = {
			isa = XCBuildConfiguration;
			buildSettings = {
				ASSETCATALOG_COMPILER_APPICON_NAME = AppIcon;
				ASSETCATALOG_COMPILER_GLOBAL_ACCENT_COLOR_NAME = AccentColor;
				CODE_SIGN_STYLE = Automatic;
				DEVELOPMENT_TEAM = 4LT66343UC;
				INFOPLIST_FILE = iPlanner/Info.plist;
				IPHONEOS_DEPLOYMENT_TARGET = 11.0;
				LD_RUNPATH_SEARCH_PATHS = (
					"$(inherited)",
					"@executable_path/Frameworks",
				);
				PRODUCT_BUNDLE_IDENTIFIER = seryogas.iPlanner;
				PRODUCT_NAME = "$(TARGET_NAME)";
				SWIFT_VERSION = 5.0;
				TARGETED_DEVICE_FAMILY = "1,2";
			};
			name = Debug;
		};
		A67B3ADF2684696500FF3AB6 /* Release */ = {
			isa = XCBuildConfiguration;
			buildSettings = {
				ASSETCATALOG_COMPILER_APPICON_NAME = AppIcon;
				ASSETCATALOG_COMPILER_GLOBAL_ACCENT_COLOR_NAME = AccentColor;
				CODE_SIGN_STYLE = Automatic;
				DEVELOPMENT_TEAM = 4LT66343UC;
				INFOPLIST_FILE = iPlanner/Info.plist;
				IPHONEOS_DEPLOYMENT_TARGET = 11.0;
				LD_RUNPATH_SEARCH_PATHS = (
					"$(inherited)",
					"@executable_path/Frameworks",
				);
				PRODUCT_BUNDLE_IDENTIFIER = seryogas.iPlanner;
				PRODUCT_NAME = "$(TARGET_NAME)";
				SWIFT_VERSION = 5.0;
				TARGETED_DEVICE_FAMILY = "1,2";
			};
			name = Release;
		};
/* End XCBuildConfiguration section */

/* Begin XCConfigurationList section */
		A67B3AC42684696400FF3AB6 /* Build configuration list for PBXProject "iPlanner" */ = {
			isa = XCConfigurationList;
			buildConfigurations = (
				A67B3ADB2684696500FF3AB6 /* Debug */,
				A67B3ADC2684696500FF3AB6 /* Release */,
			);
			defaultConfigurationIsVisible = 0;
			defaultConfigurationName = Release;
		};
		A67B3ADD2684696500FF3AB6 /* Build configuration list for PBXNativeTarget "iPlanner" */ = {
			isa = XCConfigurationList;
			buildConfigurations = (
				A67B3ADE2684696500FF3AB6 /* Debug */,
				A67B3ADF2684696500FF3AB6 /* Release */,
			);
			defaultConfigurationIsVisible = 0;
			defaultConfigurationName = Release;
		};
/* End XCConfigurationList section */
	};
	rootObject = A67B3AC12684696400FF3AB6 /* Project object */;
}
